
Microsoft Visual Studio Solution File, Format Version 12.00
# Visual Studio 15
VisualStudioVersion = 15.0.27703.2026
MinimumVisualStudioVersion = 10.0.40219.1
Project("{FAE04EC0-301F-11D3-BF4B-00C04F79EFBC}") = "StayFocused", "StayFocused\StayFocused.csproj", "{85BF2BB1-3388-4B1E-89A7-F4DC3E1F624A}"
EndProject
Project("{8BC9CEB8-8B4A-11D0-8D11-00A0C91BC942}") = "32BitHelper", "32BitHelper\32BitHelper.vcxproj", "{B764D69B-786E-47C6-ACAC-60ACFB095426}"
EndProject
Global
	GlobalSection(SolutionConfigurationPlatforms) = preSolution
		Debug|Any CPU = Debug|Any CPU
		Debug|x64 = Debug|x64
		Debug|x86 = Debug|x86
		Release|Any CPU = Release|Any CPU
		Release|x64 = Release|x64
		Release|x86 = Release|x86
	EndGlobalSection
	GlobalSection(ProjectConfigurationPlatforms) = postSolution
		{85BF2BB1-3388-4B1E-89A7-F4DC3E1F624A}.Debug|Any CPU.ActiveCfg = Debug|Any CPU
		{85BF2BB1-3388-4B1E-89A7-F4DC3E1F624A}.Debug|Any CPU.Build.0 = Debug|Any CPU
		{85BF2BB1-3388-4B1E-89A7-F4DC3E1F624A}.Debug|x64.ActiveCfg = Debug|x64
		{85BF2BB1-3388-4B1E-89A7-F4DC3E1F624A}.Debug|x64.Build.0 = Debug|x64
		{85BF2BB1-3388-4B1E-89A7-F4DC3E1F624A}.Debug|x86.ActiveCfg = Debug|Any CPU
		{85BF2BB1-3388-4B1E-89A7-F4DC3E1F624A}.Debug|x86.Build.0 = Debug|Any CPU
		{85BF2BB1-3388-4B1E-89A7-F4DC3E1F624A}.Release|Any CPU.ActiveCfg = Release|Any CPU
		{85BF2BB1-3388-4B1E-89A7-F4DC3E1F624A}.Release|Any CPU.Build.0 = Release|Any CPU
		{85BF2BB1-3388-4B1E-89A7-F4DC3E1F624A}.Release|x64.ActiveCfg = Release|x64
		{85BF2BB1-3388-4B1E-89A7-F4DC3E1F624A}.Release|x64.Build.0 = Release|x64
		{85BF2BB1-3388-4B1E-89A7-F4DC3E1F624A}.Release|x86.ActiveCfg = Release|Any CPU
		{85BF2BB1-3388-4B1E-89A7-F4DC3E1F624A}.Release|x86.Build.0 = Release|Any CPU
		{B764D69B-786E-47C6-ACAC-60ACFB095426}.Debug|Any CPU.ActiveCfg = Debug|Win32
		{B764D69B-786E-47C6-ACAC-60ACFB095426}.Debug|x64.ActiveCfg = Debug|x64
		{B764D69B-786E-47C6-ACAC-60ACFB095426}.Debug|x64.Build.0 = Debug|x64
		{B764D69B-786E-47C6-ACAC-60ACFB095426}.Debug|x86.ActiveCfg = Debug|Win32
		{B764D69B-786E-47C6-ACAC-60ACFB095426}.Debug|x86.Build.0 = Debug|Win32
		{B764D69B-786E-47C6-ACAC-60ACFB095426}.Release|Any CPU.ActiveCfg = Release|Win32
		{B764D69B-786E-47C6-ACAC-60ACFB095426}.Release|x64.ActiveCfg = Release|x64
		{B764D69B-786E-47C6-ACAC-60ACFB095426}.Release|x64.Build.0 = Release|x64
		{B764D69B-786E-47C6-ACAC-60ACFB095426}.Release|x86.ActiveCfg = Release|Win32
		{B764D69B-786E-47C6-ACAC-60ACFB095426}.Release|x86.Build.0 = Release|Win32
	EndGlobalSection
	GlobalSection(SolutionProperties) = preSolution
		HideSolutionNode = FALSE
	EndGlobalSection
	GlobalSection(ExtensibilityGlobals) = postSolution
		SolutionGuid = {8FEC84A4-2E90-4429-A31E-6A4E484C527A}
	EndGlobalSection
EndGlobal
